// !$*UTF8*$!
{
	archiveVersion = 1;
	classes = {
	};
	objectVersion = 56;
	objects = {

/* Begin PBXBuildFile section */
		D76A576429C2566B00160C55 /* LoadingView.swift in Sources */ = {isa = PBXBuildFile; fileRef = D76A576329C2566B00160C55 /* LoadingView.swift */; };
		D76A576629C2599100160C55 /* WeatherManager.swift in Sources */ = {isa = PBXBuildFile; fileRef = D76A576529C2599100160C55 /* WeatherManager.swift */; };
		D76A576829C25EF500160C55 /* WeatherView.swift in Sources */ = {isa = PBXBuildFile; fileRef = D76A576729C25EF500160C55 /* WeatherView.swift */; };
		D76A576A29C25F6400160C55 /* ModelData.swift in Sources */ = {isa = PBXBuildFile; fileRef = D76A576929C25F6400160C55 /* ModelData.swift */; };
		D76A576C29C25F8C00160C55 /* weatherData.json in Resources */ = {isa = PBXBuildFile; fileRef = D76A576B29C25F8C00160C55 /* weatherData.json */; };
		D76A576E29C2621300160C55 /* Extensions.swift in Sources */ = {isa = PBXBuildFile; fileRef = D76A576D29C2621300160C55 /* Extensions.swift */; };
		D76A577129C2852800160C55 /* WeatherRow.swift in Sources */ = {isa = PBXBuildFile; fileRef = D76A577029C2852800160C55 /* WeatherRow.swift */; };
		D7A5398029C2428C0055322F /* WeatherApp.swift in Sources */ = {isa = PBXBuildFile; fileRef = D7A5397F29C2428C0055322F /* WeatherApp.swift */; };
		D7A5398229C2428C0055322F /* ContentView.swift in Sources */ = {isa = PBXBuildFile; fileRef = D7A5398129C2428C0055322F /* ContentView.swift */; };
		D7A5398429C2428D0055322F /* Assets.xcassets in Resources */ = {isa = PBXBuildFile; fileRef = D7A5398329C2428D0055322F /* Assets.xcassets */; };
		D7A5398729C2428D0055322F /* Preview Assets.xcassets in Resources */ = {isa = PBXBuildFile; fileRef = D7A5398629C2428D0055322F /* Preview Assets.xcassets */; };
		D7A5398F29C2465B0055322F /* LocationManager.swift in Sources */ = {isa = PBXBuildFile; fileRef = D7A5398E29C2465B0055322F /* LocationManager.swift */; };
		D7A5399229C2532F0055322F /* WelcomeView.swift in Sources */ = {isa = PBXBuildFile; fileRef = D7A5399129C2532F0055322F /* WelcomeView.swift */; };
/* End PBXBuildFile section */

/* Begin PBXFileReference section */
		D76A576329C2566B00160C55 /* LoadingView.swift */ = {isa = PBXFileReference; lastKnownFileType = sourcecode.swift; path = LoadingView.swift; sourceTree = "<group>"; };
		D76A576529C2599100160C55 /* WeatherManager.swift */ = {isa = PBXFileReference; lastKnownFileType = sourcecode.swift; path = WeatherManager.swift; sourceTree = "<group>"; };
		D76A576729C25EF500160C55 /* WeatherView.swift */ = {isa = PBXFileReference; lastKnownFileType = sourcecode.swift; path = WeatherView.swift; sourceTree = "<group>"; };
		D76A576929C25F6400160C55 /* ModelData.swift */ = {isa = PBXFileReference; lastKnownFileType = sourcecode.swift; path = ModelData.swift; sourceTree = "<group>"; };
		D76A576B29C25F8C00160C55 /* weatherData.json */ = {isa = PBXFileReference; lastKnownFileType = text.json; path = weatherData.json; sourceTree = "<group>"; };
		D76A576D29C2621300160C55 /* Extensions.swift */ = {isa = PBXFileReference; lastKnownFileType = sourcecode.swift; path = Extensions.swift; sourceTree = "<group>"; };
		D76A577029C2852800160C55 /* WeatherRow.swift */ = {isa = PBXFileReference; lastKnownFileType = sourcecode.swift; path = WeatherRow.swift; sourceTree = "<group>"; };
		D7A5397C29C2428C0055322F /* WeatherApp.app */ = {isa = PBXFileReference; explicitFileType = wrapper.application; includeInIndex = 0; path = WeatherApp.app; sourceTree = BUILT_PRODUCTS_DIR; };
		D7A5397F29C2428C0055322F /* WeatherApp.swift */ = {isa = PBXFileReference; lastKnownFileType = sourcecode.swift; path = WeatherApp.swift; sourceTree = "<group>"; };
		D7A5398129C2428C0055322F /* ContentView.swift */ = {isa = PBXFileReference; lastKnownFileType = sourcecode.swift; path = ContentView.swift; sourceTree = "<group>"; };
		D7A5398329C2428D0055322F /* Assets.xcassets */ = {isa = PBXFileReference; lastKnownFileType = folder.assetcatalog; path = Assets.xcassets; sourceTree = "<group>"; };
		D7A5398629C2428D0055322F /* Preview Assets.xcassets */ = {isa = PBXFileReference; lastKnownFileType = folder.assetcatalog; path = "Preview Assets.xcassets"; sourceTree = "<group>"; };
		D7A5398E29C2465B0055322F /* LocationManager.swift */ = {isa = PBXFileReference; lastKnownFileType = sourcecode.swift; path = LocationManager.swift; sourceTree = "<group>"; };
		D7A5399129C2532F0055322F /* WelcomeView.swift */ = {isa = PBXFileReference; lastKnownFileType = sourcecode.swift; path = WelcomeView.swift; sourceTree = "<group>"; };
/* End PBXFileReference section */

/* Begin PBXFrameworksBuildPhase section */
		D7A5397929C2428C0055322F /* Frameworks */ = {
			isa = PBXFrameworksBuildPhase;
			buildActionMask = 2147483647;
			files = (
			);
			runOnlyForDeploymentPostprocessing = 0;
		};
/* End PBXFrameworksBuildPhase section */

/* Begin PBXGroup section */
		D76A576F29C284A300160C55 /* Components */ = {
			isa = PBXGroup;
			children = (
				D76A577029C2852800160C55 /* WeatherRow.swift */,
			);
			path = Components;
			sourceTree = "<group>";
		};
		D7A5397329C2428C0055322F = {
			isa = PBXGroup;
			children = (
				D7A5397E29C2428C0055322F /* WeatherApp */,
				D7A5397D29C2428C0055322F /* Products */,
			);
			sourceTree = "<group>";
		};
		D7A5397D29C2428C0055322F /* Products */ = {
			isa = PBXGroup;
			children = (
				D7A5397C29C2428C0055322F /* WeatherApp.app */,
			);
			name = Products;
			sourceTree = "<group>";
		};
		D7A5397E29C2428C0055322F /* WeatherApp */ = {
			isa = PBXGroup;
			children = (
				D76A576F29C284A300160C55 /* Components */,
				D7A5397F29C2428C0055322F /* WeatherApp.swift */,
				D7A5399029C252710055322F /* Views */,
				D7A5398D29C2464B0055322F /* Managers */,
				D7A5398329C2428D0055322F /* Assets.xcassets */,
				D7A5398529C2428D0055322F /* Preview Content */,
				D76A576D29C2621300160C55 /* Extensions.swift */,
			);
			path = WeatherApp;
			sourceTree = "<group>";
		};
		D7A5398529C2428D0055322F /* Preview Content */ = {
			isa = PBXGroup;
			children = (
				D7A5398629C2428D0055322F /* Preview Assets.xcassets */,
				D76A576929C25F6400160C55 /* ModelData.swift */,
				D76A576B29C25F8C00160C55 /* weatherData.json */,
			);
			path = "Preview Content";
			sourceTree = "<group>";
		};
		D7A5398D29C2464B0055322F /* Managers */ = {
			isa = PBXGroup;
			children = (
				D7A5398E29C2465B0055322F /* LocationManager.swift */,
				D76A576529C2599100160C55 /* WeatherManager.swift */,
			);
			path = Managers;
			sourceTree = "<group>";
		};
		D7A5399029C252710055322F /* Views */ = {
			isa = PBXGroup;
			children = (
				D7A5398129C2428C0055322F /* ContentView.swift */,
				D7A5399129C2532F0055322F /* WelcomeView.swift */,
				D76A576329C2566B00160C55 /* LoadingView.swift */,
				D76A576729C25EF500160C55 /* WeatherView.swift */,
			);
			path = Views;
			sourceTree = "<group>";
		};
/* End PBXGroup section */

/* Begin PBXNativeTarget section */
		D7A5397B29C2428C0055322F /* WeatherApp */ = {
			isa = PBXNativeTarget;
			buildConfigurationList = D7A5398A29C2428D0055322F /* Build configuration list for PBXNativeTarget "WeatherApp" */;
			buildPhases = (
				D7A5397829C2428C0055322F /* Sources */,
				D7A5397929C2428C0055322F /* Frameworks */,
				D7A5397A29C2428C0055322F /* Resources */,
			);
			buildRules = (
			);
			dependencies = (
			);
			name = WeatherApp;
			productName = WeatherApp;
			productReference = D7A5397C29C2428C0055322F /* WeatherApp.app */;
			productType = "com.apple.product-type.application";
		};
/* End PBXNativeTarget section */

/* Begin PBXProject section */
		D7A5397429C2428C0055322F /* Project object */ = {
			isa = PBXProject;
			attributes = {
				BuildIndependentTargetsInParallel = 1;
				LastSwiftUpdateCheck = 1420;
				LastUpgradeCheck = 1420;
				TargetAttributes = {
					D7A5397B29C2428C0055322F = {
						CreatedOnToolsVersion = 14.2;
					};
				};
			};
			buildConfigurationList = D7A5397729C2428C0055322F /* Build configuration list for PBXProject "WeatherApp" */;
			compatibilityVersion = "Xcode 14.0";
			developmentRegion = en;
			hasScannedForEncodings = 0;
			knownRegions = (
				en,
				Base,
			);
			mainGroup = D7A5397329C2428C0055322F;
			productRefGroup = D7A5397D29C2428C0055322F /* Products */;
			projectDirPath = "";
			projectRoot = "";
			targets = (
				D7A5397B29C2428C0055322F /* WeatherApp */,
			);
		};
/* End PBXProject section */

/* Begin PBXResourcesBuildPhase section */
		D7A5397A29C2428C0055322F /* Resources */ = {
			isa = PBXResourcesBuildPhase;
			buildActionMask = 2147483647;
			files = (
				D7A5398729C2428D0055322F /* Preview Assets.xcassets in Resources */,
				D76A576C29C25F8C00160C55 /* weatherData.json in Resources */,
				D7A5398429C2428D0055322F /* Assets.xcassets in Resources */,
			);
			runOnlyForDeploymentPostprocessing = 0;
		};
/* End PBXResourcesBuildPhase section */

/* Begin PBXSourcesBuildPhase section */
		D7A5397829C2428C0055322F /* Sources */ = {
			isa = PBXSourcesBuildPhase;
			buildActionMask = 2147483647;
			files = (
				D76A576629C2599100160C55 /* WeatherManager.swift in Sources */,
				D76A576E29C2621300160C55 /* Extensions.swift in Sources */,
				D7A5398229C2428C0055322F /* ContentView.swift in Sources */,
				D7A5398029C2428C0055322F /* WeatherApp.swift in Sources */,
				D7A5398F29C2465B0055322F /* LocationManager.swift in Sources */,
				D76A577129C2852800160C55 /* WeatherRow.swift in Sources */,
				D76A576429C2566B00160C55 /* LoadingView.swift in Sources */,
				D76A576A29C25F6400160C55 /* ModelData.swift in Sources */,
				D76A576829C25EF500160C55 /* WeatherView.swift in Sources */,
				D7A5399229C2532F0055322F /* WelcomeView.swift in Sources */,
			);
			runOnlyForDeploymentPostprocessing = 0;
		};
/* End PBXSourcesBuildPhase section */

/* Begin XCBuildConfiguration section */
		D7A5398829C2428D0055322F /* Debug */ = {
			isa = XCBuildConfiguration;
			buildSettings = {
				ALWAYS_SEARCH_USER_PATHS = NO;
				CLANG_ANALYZER_NONNULL = YES;
				CLANG_ANALYZER_NUMBER_OBJECT_CONVERSION = YES_AGGRESSIVE;
				CLANG_CXX_LANGUAGE_STANDARD = "gnu++20";
				CLANG_ENABLE_MODULES = YES;
				CLANG_ENABLE_OBJC_ARC = YES;
				CLANG_ENABLE_OBJC_WEAK = YES;
				CLANG_WARN_BLOCK_CAPTURE_AUTORELEASING = YES;
				CLANG_WARN_BOOL_CONVERSION = YES;
				CLANG_WARN_COMMA = YES;
				CLANG_WARN_CONSTANT_CONVERSION = YES;
				CLANG_WARN_DEPRECATED_OBJC_IMPLEMENTATIONS = YES;
				CLANG_WARN_DIRECT_OBJC_ISA_USAGE = YES_ERROR;
				CLANG_WARN_DOCUMENTATION_COMMENTS = YES;
				CLANG_WARN_EMPTY_BODY = YES;
				CLANG_WARN_ENUM_CONVERSION = YES;
				CLANG_WARN_INFINITE_RECURSION = YES;
				CLANG_WARN_INT_CONVERSION = YES;
				CLANG_WARN_NON_LITERAL_NULL_CONVERSION = YES;
				CLANG_WARN_OBJC_IMPLICIT_RETAIN_SELF = YES;
				CLANG_WARN_OBJC_LITERAL_CONVERSION = YES;
				CLANG_WARN_OBJC_ROOT_CLASS = YES_ERROR;
				CLANG_WARN_QUOTED_INCLUDE_IN_FRAMEWORK_HEADER = YES;
				CLANG_WARN_RANGE_LOOP_ANALYSIS = YES;
				CLANG_WARN_STRICT_PROTOTYPES = YES;
				CLANG_WARN_SUSPICIOUS_MOVE = YES;
				CLANG_WARN_UNGUARDED_AVAILABILITY = YES_AGGRESSIVE;
				CLANG_WARN_UNREACHABLE_CODE = YES;
				CLANG_WARN__DUPLICATE_METHOD_MATCH = YES;
				COPY_PHASE_STRIP = NO;
				DEBUG_INFORMATION_FORMAT = dwarf;
				ENABLE_STRICT_OBJC_MSGSEND = YES;
				ENABLE_TESTABILITY = YES;
				GCC_C_LANGUAGE_STANDARD = gnu11;
				GCC_DYNAMIC_NO_PIC = NO;
				GCC_NO_COMMON_BLOCKS = YES;
				GCC_OPTIMIZATION_LEVEL = 0;
				GCC_PREPROCESSOR_DEFINITIONS = (
					"DEBUG=1",
					"$(inherited)",
				);
				GCC_WARN_64_TO_32_BIT_CONVERSION = YES;
				GCC_WARN_ABOUT_RETURN_TYPE = YES_ERROR;
				GCC_WARN_UNDECLARED_SELECTOR = YES;
				GCC_WARN_UNINITIALIZED_AUTOS = YES_AGGRESSIVE;
				GCC_WARN_UNUSED_FUNCTION = YES;
				GCC_WARN_UNUSED_VARIABLE = YES;
				IPHONEOS_DEPLOYMENT_TARGET = 16.2;
				MTL_ENABLE_DEBUG_INFO = INCLUDE_SOURCE;
				MTL_FAST_MATH = YES;
				ONLY_ACTIVE_ARCH = YES;
				SDKROOT = iphoneos;
				SWIFT_ACTIVE_COMPILATION_CONDITIONS = DEBUG;
				SWIFT_OPTIMIZATION_LEVEL = "-Onone";
			};
			name = Debug;
		};
		D7A5398929C2428D0055322F /* Release */ = {
			isa = XCBuildConfiguration;
			buildSettings = {
				ALWAYS_SEARCH_USER_PATHS = NO;
				CLANG_ANALYZER_NONNULL = YES;
				CLANG_ANALYZER_NUMBER_OBJECT_CONVERSION = YES_AGGRESSIVE;
				CLANG_CXX_LANGUAGE_STANDARD = "gnu++20";
				CLANG_ENABLE_MODULES = YES;
				CLANG_ENABLE_OBJC_ARC = YES;
				CLANG_ENABLE_OBJC_WEAK = YES;
				CLANG_WARN_BLOCK_CAPTURE_AUTORELEASING = YES;
				CLANG_WARN_BOOL_CONVERSION = YES;
				CLANG_WARN_COMMA = YES;
				CLANG_WARN_CONSTANT_CONVERSION = YES;
				CLANG_WARN_DEPRECATED_OBJC_IMPLEMENTATIONS = YES;
				CLANG_WARN_DIRECT_OBJC_ISA_USAGE = YES_ERROR;
				CLANG_WARN_DOCUMENTATION_COMMENTS = YES;
				CLANG_WARN_EMPTY_BODY = YES;
				CLANG_WARN_ENUM_CONVERSION = YES;
				CLANG_WARN_INFINITE_RECURSION = YES;
				CLANG_WARN_INT_CONVERSION = YES;
				CLANG_WARN_NON_LITERAL_NULL_CONVERSION = YES;
				CLANG_WARN_OBJC_IMPLICIT_RETAIN_SELF = YES;
				CLANG_WARN_OBJC_LITERAL_CONVERSION = YES;
				CLANG_WARN_OBJC_ROOT_CLASS = YES_ERROR;
				CLANG_WARN_QUOTED_INCLUDE_IN_FRAMEWORK_HEADER = YES;
				CLANG_WARN_RANGE_LOOP_ANALYSIS = YES;
				CLANG_WARN_STRICT_PROTOTYPES = YES;
				CLANG_WARN_SUSPICIOUS_MOVE = YES;
				CLANG_WARN_UNGUARDED_AVAILABILITY = YES_AGGRESSIVE;
				CLANG_WARN_UNREACHABLE_CODE = YES;
				CLANG_WARN__DUPLICATE_METHOD_MATCH = YES;
				COPY_PHASE_STRIP = NO;
				DEBUG_INFORMATION_FORMAT = "dwarf-with-dsym";
				ENABLE_NS_ASSERTIONS = NO;
				ENABLE_STRICT_OBJC_MSGSEND = YES;
				GCC_C_LANGUAGE_STANDARD = gnu11;
				GCC_NO_COMMON_BLOCKS = YES;
				GCC_WARN_64_TO_32_BIT_CONVERSION = YES;
				GCC_WARN_ABOUT_RETURN_TYPE = YES_ERROR;
				GCC_WARN_UNDECLARED_SELECTOR = YES;
				GCC_WARN_UNINITIALIZED_AUTOS = YES_AGGRESSIVE;
				GCC_WARN_UNUSED_FUNCTION = YES;
				GCC_WARN_UNUSED_VARIABLE = YES;
				IPHONEOS_DEPLOYMENT_TARGET = 16.2;
				MTL_ENABLE_DEBUG_INFO = NO;
				MTL_FAST_MATH = YES;
				SDKROOT = iphoneos;
				SWIFT_COMPILATION_MODE = wholemodule;
				SWIFT_OPTIMIZATION_LEVEL = "-O";
				VALIDATE_PRODUCT = YES;
			};
			name = Release;
		};
		D7A5398B29C2428D0055322F /* Debug */ = {
			isa = XCBuildConfiguration;
			buildSettings = {
				ASSETCATALOG_COMPILER_APPICON_NAME = AppIcon;
				ASSETCATALOG_COMPILER_GLOBAL_ACCENT_COLOR_NAME = AccentColor;
				CODE_SIGN_STYLE = Automatic;
				CURRENT_PROJECT_VERSION = 1;
				DEVELOPMENT_ASSET_PATHS = "\"WeatherApp/Preview Content\"";
				DEVELOPMENT_TEAM = VLWGCM7W8K;
				ENABLE_PREVIEWS = YES;
				GENERATE_INFOPLIST_FILE = YES;
				INFOPLIST_KEY_UIApplicationSceneManifest_Generation = YES;
				INFOPLIST_KEY_UIApplicationSupportsIndirectInputEvents = YES;
				INFOPLIST_KEY_UILaunchScreen_Generation = YES;
				INFOPLIST_KEY_UISupportedInterfaceOrientations_iPad = "UIInterfaceOrientationPortrait UIInterfaceOrientationPortraitUpsideDown UIInterfaceOrientationLandscapeLeft UIInterfaceOrientationLandscapeRight";
				INFOPLIST_KEY_UISupportedInterfaceOrientations_iPhone = "UIInterfaceOrientationPortrait UIInterfaceOrientationLandscapeLeft UIInterfaceOrientationLandscapeRight";
				LD_RUNPATH_SEARCH_PATHS = (
					"$(inherited)",
					"@executable_path/Frameworks",
				);
				MARKETING_VERSION = 1.0;
				PRODUCT_BUNDLE_IDENTIFIER = com.ykwsolutions.WeatherApp;
				PRODUCT_NAME = "$(TARGET_NAME)";
				SWIFT_EMIT_LOC_STRINGS = YES;
				SWIFT_VERSION = 5.0;
				TARGETED_DEVICE_FAMILY = "1,2";
			};
			name = Debug;
		};
		D7A5398C29C2428D0055322F /* Release */ = {
			isa = XCBuildConfiguration;
			buildSettings = {
				ASSETCATALOG_COMPILER_APPICON_NAME = AppIcon;
				ASSETCATALOG_COMPILER_GLOBAL_ACCENT_COLOR_NAME = AccentColor;
				CODE_SIGN_STYLE = Automatic;
				CURRENT_PROJECT_VERSION = 1;
				DEVELOPMENT_ASSET_PATHS = "\"WeatherApp/Preview Content\"";
				DEVELOPMENT_TEAM = VLWGCM7W8K;
				ENABLE_PREVIEWS = YES;
				GENERATE_INFOPLIST_FILE = YES;
				INFOPLIST_KEY_UIApplicationSceneManifest_Generation = YES;
				INFOPLIST_KEY_UIApplicationSupportsIndirectInputEvents = YES;
				INFOPLIST_KEY_UILaunchScreen_Generation = YES;
				INFOPLIST_KEY_UISupportedInterfaceOrientations_iPad = "UIInterfaceOrientationPortrait UIInterfaceOrientationPortraitUpsideDown UIInterfaceOrientationLandscapeLeft UIInterfaceOrientationLandscapeRight";
				INFOPLIST_KEY_UISupportedInterfaceOrientations_iPhone = "UIInterfaceOrientationPortrait UIInterfaceOrientationLandscapeLeft UIInterfaceOrientationLandscapeRight";
				LD_RUNPATH_SEARCH_PATHS = (
					"$(inherited)",
					"@executable_path/Frameworks",
				);
				MARKETING_VERSION = 1.0;
				PRODUCT_BUNDLE_IDENTIFIER = com.ykwsolutions.WeatherApp;
				PRODUCT_NAME = "$(TARGET_NAME)";
				SWIFT_EMIT_LOC_STRINGS = YES;
				SWIFT_VERSION = 5.0;
				TARGETED_DEVICE_FAMILY = "1,2";
			};
			name = Release;
		};
/* End XCBuildConfiguration section */

/* Begin XCConfigurationList section */
		D7A5397729C2428C0055322F /* Build configuration list for PBXProject "WeatherApp" */ = {
			isa = XCConfigurationList;
			buildConfigurations = (
				D7A5398829C2428D0055322F /* Debug */,
				D7A5398929C2428D0055322F /* Release */,
			);
			defaultConfigurationIsVisible = 0;
			defaultConfigurationName = Release;
		};
		D7A5398A29C2428D0055322F /* Build configuration list for PBXNativeTarget "WeatherApp" */ = {
			isa = XCConfigurationList;
			buildConfigurations = (
				D7A5398B29C2428D0055322F /* Debug */,
				D7A5398C29C2428D0055322F /* Release */,
			);
			defaultConfigurationIsVisible = 0;
			defaultConfigurationName = Release;
		};
/* End XCConfigurationList section */
	};
	rootObject = D7A5397429C2428C0055322F /* Project object */;
}
